
Microsoft Visual Studio Solution File, Format Version 12.00
# Visual Studio Version 16
VisualStudioVersion = 16.0.31402.337
MinimumVisualStudioVersion = 10.0.40219.1
Project("{FAE04EC0-301F-11D3-BF4B-00C04F79EFBC}") = "TestingMathLibrary", "TestingMathLibrary\TestingMathLibrary.csproj", "{1E857222-7170-4D4C-8FA5-3DEC497BD15E}"
EndProject
Project("{FAE04EC0-301F-11D3-BF4B-00C04F79EFBC}") = "ConsoleMathLibrary", "ConsoleMathLibrary\ConsoleMathLibrary.csproj", "{C0E69D5F-5A42-490D-8E5E-CE2FFE2ECE22}"
EndProject
Project("{FAE04EC0-301F-11D3-BF4B-00C04F79EFBC}") = "TestMathLib", "TestMathLib\TestMathLib.csproj", "{2F8F6C15-01D6-404B-9050-8814F5734080}"
EndProject
Global
	GlobalSection(SolutionConfigurationPlatforms) = preSolution
		Debug|Any CPU = Debug|Any CPU
		Release|Any CPU = Release|Any CPU
	EndGlobalSection
	GlobalSection(ProjectConfigurationPlatforms) = postSolution
		{1E857222-7170-4D4C-8FA5-3DEC497BD15E}.Debug|Any CPU.ActiveCfg = Debug|Any CPU
		{1E857222-7170-4D4C-8FA5-3DEC497BD15E}.Debug|Any CPU.Build.0 = Debug|Any CPU
		{1E857222-7170-4D4C-8FA5-3DEC497BD15E}.Release|Any CPU.ActiveCfg = Release|Any CPU
		{1E857222-7170-4D4C-8FA5-3DEC497BD15E}.Release|Any CPU.Build.0 = Release|Any CPU
		{C0E69D5F-5A42-490D-8E5E-CE2FFE2ECE22}.Debug|Any CPU.ActiveCfg = Debug|Any CPU
		{C0E69D5F-5A42-490D-8E5E-CE2FFE2ECE22}.Debug|Any CPU.Build.0 = Debug|Any CPU
		{C0E69D5F-5A42-490D-8E5E-CE2FFE2ECE22}.Release|Any CPU.ActiveCfg = Release|Any CPU
		{C0E69D5F-5A42-490D-8E5E-CE2FFE2ECE22}.Release|Any CPU.Build.0 = Release|Any CPU
		{2F8F6C15-01D6-404B-9050-8814F5734080}.Debug|Any CPU.ActiveCfg = Debug|Any CPU
		{2F8F6C15-01D6-404B-9050-8814F5734080}.Debug|Any CPU.Build.0 = Debug|Any CPU
		{2F8F6C15-01D6-404B-9050-8814F5734080}.Release|Any CPU.ActiveCfg = Release|Any CPU
		{2F8F6C15-01D6-404B-9050-8814F5734080}.Release|Any CPU.Build.0 = Release|Any CPU
	EndGlobalSection
	GlobalSection(SolutionProperties) = preSolution
		HideSolutionNode = FALSE
	EndGlobalSection
	GlobalSection(ExtensibilityGlobals) = postSolution
		SolutionGuid = {AE9CCD2B-BEB2-4E7A-B34B-C76161C7191D}
	EndGlobalSection
EndGlobal
